
Microsoft Visual Studio Solution File, Format Version 12.00
# Blend for Visual Studio Version 17
VisualStudioVersion = 17.4.33205.214
MinimumVisualStudioVersion = 10.0.40219.1
Project("{FAE04EC0-301F-11D3-BF4B-00C04F79EFBC}") = "Spotfiy-Login-M.boga", "Spotfiy-Login-M.boga\Spotfiy-Login-M.boga.csproj", "{F56D3140-8C51-4087-A1A3-1940981251CC}"
EndProject
Global
	GlobalSection(SolutionConfigurationPlatforms) = preSolution
		Debug|Any CPU = Debug|Any CPU
		Release|Any CPU = Release|Any CPU
	EndGlobalSection
	GlobalSection(ProjectConfigurationPlatforms) = postSolution
		{F56D3140-8C51-4087-A1A3-1940981251CC}.Debug|Any CPU.ActiveCfg = Debug|Any CPU
		{F56D3140-8C51-4087-A1A3-1940981251CC}.Debug|Any CPU.Build.0 = Debug|Any CPU
		{F56D3140-8C51-4087-A1A3-1940981251CC}.Release|Any CPU.ActiveCfg = Release|Any CPU
		{F56D3140-8C51-4087-A1A3-1940981251CC}.Release|Any CPU.Build.0 = Release|Any CPU
	EndGlobalSection
	GlobalSection(SolutionProperties) = preSolution
		HideSolutionNode = FALSE
	EndGlobalSection
	GlobalSection(ExtensibilityGlobals) = postSolution
		SolutionGuid = {F9095D54-9B9B-487C-AB12-18F1F518A47C}
	EndGlobalSection
EndGlobal
